
Microsoft Visual Studio Solution File, Format Version 12.00
# Visual Studio Version 17
VisualStudioVersion = 17.5.33530.505
MinimumVisualStudioVersion = 10.0.40219.1
Project("{FAE04EC0-301F-11D3-BF4B-00C04F79EFBC}") = "SimpleSlide", "SimpleSlide\SimpleSlide.csproj", "{912023CB-FCAA-46D3-9F4A-0E2A61094451}"
EndProject
Global
	GlobalSection(SolutionConfigurationPlatforms) = preSolution
		Debug|Any CPU = Debug|Any CPU
		Release|Any CPU = Release|Any CPU
	EndGlobalSection
	GlobalSection(ProjectConfigurationPlatforms) = postSolution
		{912023CB-FCAA-46D3-9F4A-0E2A61094451}.Debug|Any CPU.ActiveCfg = Debug|Any CPU
		{912023CB-FCAA-46D3-9F4A-0E2A61094451}.Debug|Any CPU.Build.0 = Debug|Any CPU
		{912023CB-FCAA-46D3-9F4A-0E2A61094451}.Release|Any CPU.ActiveCfg = Release|Any CPU
		{912023CB-FCAA-46D3-9F4A-0E2A61094451}.Release|Any CPU.Build.0 = Release|Any CPU
	EndGlobalSection
	GlobalSection(SolutionProperties) = preSolution
		HideSolutionNode = FALSE
	EndGlobalSection
	GlobalSection(ExtensibilityGlobals) = postSolution
		SolutionGuid = {A556A985-59D5-4E62-B8BA-1ABF204B952F}
	EndGlobalSection
EndGlobal
